{
  "version": "2",
  "remote": {
    "https://deno.land/std@0.178.0/async/abortable.ts": "73acfb3ed7261ce0d930dbe89e43db8d34e017b063cf0eaa7d215477bf53442e",
    "https://deno.land/std@0.178.0/async/deadline.ts": "c5facb0b404eede83e38bd2717ea8ab34faa2ffb20ef87fd261fcba32ba307aa",
    "https://deno.land/std@0.178.0/async/debounce.ts": "adab11d04ca38d699444ac8a9d9856b4155e8dda2afd07ce78276c01ea5a4332",
    "https://deno.land/std@0.178.0/async/deferred.ts": "42790112f36a75a57db4a96d33974a936deb7b04d25c6084a9fa8a49f135def8",
    "https://deno.land/std@0.178.0/async/delay.ts": "73aa04cec034c84fc748c7be49bb15cac3dd43a57174bfdb7a4aec22c248f0dd",
    "https://deno.land/std@0.178.0/async/mod.ts": "f04344fa21738e5ad6bea37a6bfffd57c617c2d372bb9f9dcfd118a1b622e576",
    "https://deno.land/std@0.178.0/async/mux_async_iterator.ts": "70c7f2ee4e9466161350473ad61cac0b9f115cff4c552eaa7ef9d50c4cbb4cc9",
    "https://deno.land/std@0.178.0/async/pool.ts": "fd082bd4aaf26445909889435a5c74334c017847842ec035739b4ae637ae8260",
    "https://deno.land/std@0.178.0/async/retry.ts": "5efa3ba450ac0c07a40a82e2df296287b5013755d232049efd7ea2244f15b20f",
    "https://deno.land/std@0.178.0/async/tee.ts": "47e42d35f622650b02234d43803d0383a89eb4387e1b83b5a40106d18ae36757",
    "https://deno.land/std@0.178.0/collections/filter_values.ts": "5b9feaf17b9a6e5ffccdd36cf6f38fa4ffa94cff2602d381c2ad0c2a97929652",
    "https://deno.land/std@0.178.0/collections/without_all.ts": "a89f5da0b5830defed4f59666e188df411d8fece35a5f6ca69be6ca71a95c185",
    "https://deno.land/std@0.178.0/dotenv/load.ts": "0636983549b98f29ab75c9a22a42d9723f0a389ece5498fe971e7bb2556a12e2",
    "https://deno.land/std@0.178.0/dotenv/mod.ts": "8dcbc8a40b896a0bf094582aaeadbfc76d3528872faf2efc0302beb1d2f6afd0",
    "https://deno.land/std@0.178.0/fmt/colors.ts": "938c5d44d889fb82eff6c358bea8baa7e85950a16c9f6dae3ec3a7a729164471",
    "https://deno.land/std@0.178.0/http/server.ts": "cbb17b594651215ba95c01a395700684e569c165a567e4e04bba327f41197433",
    "https://deno.land/std@0.178.0/testing/_diff.ts": "1a3c044aedf77647d6cac86b798c6417603361b66b54c53331b312caeb447aea",
    "https://deno.land/std@0.178.0/testing/_format.ts": "a69126e8a469009adf4cf2a50af889aca364c349797e63174884a52ff75cf4c7",
    "https://deno.land/std@0.178.0/testing/asserts.ts": "984ab0bfb3faeed92ffaa3a6b06536c66811185328c5dd146257c702c41b01ab",
    "https://deno.land/x/discord_api_types@0.37.32/gateway/common.ts": "fb67003adda424df76c2726e0624d709c5a16e3694d6b75facd587d121fe121f",
    "https://deno.land/x/discord_api_types@0.37.32/gateway/v10.ts": "9c86af0aa849086fdcd71b5cb0dd5c30bc5225767b48d221ac6316bd3f8af4e9",
    "https://deno.land/x/discord_api_types@0.37.32/globals.ts": "687dfae80127f0e5a2baf474f668a85556a42920887bad631f5f154ef008080f",
    "https://deno.land/x/discord_api_types@0.37.32/payloads/common.ts": "22de53bf975435377e7b78f1c733585c8fbd5372768262e9a56e8ed6cf2df1dc",
    "https://deno.land/x/discord_api_types@0.37.32/payloads/v10/_interactions/_applicationCommands/_chatInput/attachment.ts": "2d1749a0154a0c6d679c82043ab578883a6c80c0e1d705b9d3f0fe8ab0fe6f7e",
    "https://deno.land/x/discord_api_types@0.37.32/payloads/v10/_interactions/_applicationCommands/_chatInput/base.ts": "12bbac2df9a7ecf2421c3487a0c97fdad1d9fa3e21758b4f07bfc6d7783cc718",
    "https://deno.land/x/discord_api_types@0.37.32/payloads/v10/_interactions/_applicationCommands/_chatInput/boolean.ts": "65e29561b61785ca4ede4b1b4a88c5fc0696cfdf1fa74d5197588c196ee7ae98",
    "https://deno.land/x/discord_api_types@0.37.32/payloads/v10/_interactions/_applicationCommands/_chatInput/channel.ts": "240849fada5b367d586bd800314c5f8438761532b1d34226df20f7047aecea36",
    "https://deno.land/x/discord_api_types@0.37.32/payloads/v10/_interactions/_applicationCommands/_chatInput/integer.ts": "a25d24a3e54d647c7039b99e3208fc0fc2228d174f6dcc421e93919b8154a011",
    "https://deno.land/x/discord_api_types@0.37.32/payloads/v10/_interactions/_applicationCommands/_chatInput/mentionable.ts": "406c8ebb981cc691607caf1d841d989abbd5b15f779a5f1f8aab273926d92b74",
    "https://deno.land/x/discord_api_types@0.37.32/payloads/v10/_interactions/_applicationCommands/_chatInput/number.ts": "be974ea68f5fdf55d7a7f5d3faf48a3193777d432b1aa9087afc204bcb916284",
    "https://deno.land/x/discord_api_types@0.37.32/payloads/v10/_interactions/_applicationCommands/_chatInput/role.ts": "af60bd57e215373dbb08350304987fc1cc472d3bb1e0656f95de2d8bdb5399c8",
    "https://deno.land/x/discord_api_types@0.37.32/payloads/v10/_interactions/_applicationCommands/_chatInput/shared.ts": "9e2d3b3530280f6de5f9b6de1bb81e8a905998e058f784a9b041e48a96cd93d2",
    "https://deno.land/x/discord_api_types@0.37.32/payloads/v10/_interactions/_applicationCommands/_chatInput/string.ts": "33ab12dab64544a70729b9b66b5a9790964ea779f05d4ab1a1e190e7c1b59e98",
    "https://deno.land/x/discord_api_types@0.37.32/payloads/v10/_interactions/_applicationCommands/_chatInput/subcommand.ts": "265a3b433d7635bfbeca8a1aef9c19de63c349da43c56d93ac52f1a352909a4f",
    "https://deno.land/x/discord_api_types@0.37.32/payloads/v10/_interactions/_applicationCommands/_chatInput/subcommandGroup.ts": "db5cc701bcb3d68c094de409da39c9a2b8834dc0d5038e5f963c96e5eaf412ac",
    "https://deno.land/x/discord_api_types@0.37.32/payloads/v10/_interactions/_applicationCommands/_chatInput/user.ts": "ba058577256522aa72ff14e2ad0851ae6029be282f1b3ad39e772189626a3646",
    "https://deno.land/x/discord_api_types@0.37.32/payloads/v10/_interactions/_applicationCommands/chatInput.ts": "36bbf210f205fc97f19abd73bf5cf88846c682ed88e49f53c72318522b55c8cc",
    "https://deno.land/x/discord_api_types@0.37.32/payloads/v10/_interactions/_applicationCommands/contextMenu.ts": "a56632f53b22bbed4bb6c483a3ca40cde137173c6fd82558bc2f5020bbcc8ca0",
    "https://deno.land/x/discord_api_types@0.37.32/payloads/v10/_interactions/_applicationCommands/internals.ts": "5eb5ea13a1247c73c0611886dea09ab8d632a9c5555ff0f33d44cd379fd75a08",
    "https://deno.land/x/discord_api_types@0.37.32/payloads/v10/_interactions/_applicationCommands/permissions.ts": "77e616fc4d0dbef7867e30203616228ca9f33567ecdce6c8b067b2d89f8468da",
    "https://deno.land/x/discord_api_types@0.37.32/payloads/v10/_interactions/applicationCommands.ts": "83e91023458299513376b8d6d159846c3491082d2801d9987d5517670a8ef732",
    "https://deno.land/x/discord_api_types@0.37.32/payloads/v10/_interactions/autocomplete.ts": "821ae50ff9845cac4b03169dbd4c4b187d8399765eb1f0d658d477c68e4c6136",
    "https://deno.land/x/discord_api_types@0.37.32/payloads/v10/_interactions/base.ts": "0f6a7151e3a832e364c85e846fe65475d10da6b1e26bee2a752af222857f59cd",
    "https://deno.land/x/discord_api_types@0.37.32/payloads/v10/_interactions/messageComponents.ts": "536d078ce3aed77c484f310be329d7dc20bc096b9370bf0494f322e0807a473f",
    "https://deno.land/x/discord_api_types@0.37.32/payloads/v10/_interactions/modalSubmit.ts": "3a02d2d7df5bcdb1ffcd089f15e0d82ab65dcc0cefa904c6e0621f46edac041e",
    "https://deno.land/x/discord_api_types@0.37.32/payloads/v10/_interactions/ping.ts": "096ce582e9af373649fd5355cccd7424adceaffb73367b5301f1594ef5a3c264",
    "https://deno.land/x/discord_api_types@0.37.32/payloads/v10/_interactions/responses.ts": "7c3e747b6d8ac612a2201b73303614ffb89153132db63dc6ebf990a8d6fb67c3",
    "https://deno.land/x/discord_api_types@0.37.32/payloads/v10/application.ts": "0cc52f1119dc2f2fd22f12ccdfed120d0a131a59f1e29560a404c7c65621c796",
    "https://deno.land/x/discord_api_types@0.37.32/payloads/v10/auditLog.ts": "154f0ee3c9506fc98cba43148ed3f077b5e0251d98729e717940ca4603bdac3a",
    "https://deno.land/x/discord_api_types@0.37.32/payloads/v10/autoModeration.ts": "b9cc1fc7db48b541952c113575aaf4fdcc0f875e64398a80cf285ca941cb9bb9",
    "https://deno.land/x/discord_api_types@0.37.32/payloads/v10/channel.ts": "9e1f08e21d5080d18133a60297427daf886d503ec016a876fd01f7e74a8dde1a",
    "https://deno.land/x/discord_api_types@0.37.32/payloads/v10/emoji.ts": "f08356a5bce18c4c58745f6bfb2674c6b4afa8c0b28cdbcf6e839c82d8daee0a",
    "https://deno.land/x/discord_api_types@0.37.32/payloads/v10/gateway.ts": "b3205a480094487b7804e09d66f670a85fb5e5736386f27b7cefe6f502a064ee",
    "https://deno.land/x/discord_api_types@0.37.32/payloads/v10/guild.ts": "dd95e3e00ae1b774865d75cf395d18f9578594c14d99aa078309c2a46e38a6ec",
    "https://deno.land/x/discord_api_types@0.37.32/payloads/v10/guildScheduledEvent.ts": "a9784f2eabc0da60cdb6d2fbf3afc448825689c2f4f7df043bbe0624ad38bc3b",
    "https://deno.land/x/discord_api_types@0.37.32/payloads/v10/interactions.ts": "17dabe94016dad3d0d7fdc0aa812bf5b0b366465dd72cd0b01168880778cc60d",
    "https://deno.land/x/discord_api_types@0.37.32/payloads/v10/invite.ts": "6d52ec042c2485ef0a4765455d77344773d79a2e178f5075a06c0d22f2a837a3",
    "https://deno.land/x/discord_api_types@0.37.32/payloads/v10/mod.ts": "733090e3f67bb812dc0a3986d476e62483e88dfa0ce362d048a669b54b94c625",
    "https://deno.land/x/discord_api_types@0.37.32/payloads/v10/oauth2.ts": "dfb9f09fb44bf5faaa73ad4488ebe408905907d5fd46404895317f4e7c378489",
    "https://deno.land/x/discord_api_types@0.37.32/payloads/v10/permissions.ts": "c99597ce7da8d68f728ec84b99291105530d1ea30198b12fecdb68b5ed3a9076",
    "https://deno.land/x/discord_api_types@0.37.32/payloads/v10/stageInstance.ts": "bf438822088d1cf6ee86a7811548a1403ad020bb68af1db3f2769f3259fb189c",
    "https://deno.land/x/discord_api_types@0.37.32/payloads/v10/sticker.ts": "9ef06f6e0c821cd164d09a8992da6e59eda5a0cffd55ece9b00fc7178b267771",
    "https://deno.land/x/discord_api_types@0.37.32/payloads/v10/teams.ts": "b991091085456331b0f2586b630f6a99e59f613c74ad16f8521fe1f749205a16",
    "https://deno.land/x/discord_api_types@0.37.32/payloads/v10/template.ts": "d179e0741f463b6328ef7bd66ab6b71466f0c552ea0aa276c73fe087864c8e8e",
    "https://deno.land/x/discord_api_types@0.37.32/payloads/v10/user.ts": "599eee06425c4ae39d2c8fe3384ba485595f004e3bd33811bf4bb60a248289de",
    "https://deno.land/x/discord_api_types@0.37.32/payloads/v10/voice.ts": "f06e63ce92a3f2168d002a3ea48c22923abde7367f6c176e69259cd5a318be67",
    "https://deno.land/x/discord_api_types@0.37.32/payloads/v10/webhook.ts": "b28b6e5077a24ce7c090ca8f97167f76a577c32bb720810a04118cc7cb7fe842",
    "https://deno.land/x/discord_api_types@0.37.32/rest/common.ts": "217429d7d9239389a8d91f80b80bdf9d9dca800893002630512fee1cf40ec140",
    "https://deno.land/x/discord_api_types@0.37.32/rest/mod.ts": "7d90c4fb7515d07c044b47331ed0535949a61999740915ae92eeef6163119c30",
    "https://deno.land/x/discord_api_types@0.37.32/rest/v10/application.ts": "980ee20ddd6888b43eb136f73dbe026a3c4c0884286f5431da5f078dab9b51f0",
    "https://deno.land/x/discord_api_types@0.37.32/rest/v10/auditLog.ts": "39a0914b6c51445023d82c3e3e66c9866cbb3cb6774d3e7eac63414ea9bcbfec",
    "https://deno.land/x/discord_api_types@0.37.32/rest/v10/autoModeration.ts": "f674cacf9488d732241f7ea44948b98af26788b5ad9ffb75f903e3bf0da5e032",
    "https://deno.land/x/discord_api_types@0.37.32/rest/v10/channel.ts": "0c6f2cd0b9d2ebf0044995e5dcd8e295bc806a22484744e7deacdbfe595a3848",
    "https://deno.land/x/discord_api_types@0.37.32/rest/v10/emoji.ts": "9d65888766d4af965a0dd38ce737dfb2ac51cd627ab34074192ccfc5d357b017",
    "https://deno.land/x/discord_api_types@0.37.32/rest/v10/gateway.ts": "747cb95c9a8bca4e52423c780d5fc492fb0dab2b6015cd7e51e890e8d51acf29",
    "https://deno.land/x/discord_api_types@0.37.32/rest/v10/guild.ts": "fd2769f959b40765e8f5e09196ce02b8eefc8d5d61d3b316c2026717e97e3f0b",
    "https://deno.land/x/discord_api_types@0.37.32/rest/v10/guildScheduledEvent.ts": "46117d3a7c7a1ae6222f229f7aea55627cd010c47ccb3faca58b554a9a273c0d",
    "https://deno.land/x/discord_api_types@0.37.32/rest/v10/interactions.ts": "f18ae2130a58ddf15174fe095c972c21690d0d652286220c1818896741ed5e3c",
    "https://deno.land/x/discord_api_types@0.37.32/rest/v10/invite.ts": "28f8e740bdaa782c9d9d504049323762b5c1180348019dc5f9e0a900ec11213e",
    "https://deno.land/x/discord_api_types@0.37.32/rest/v10/mod.ts": "83dd84c88251250268f2b10c3ee12e483cb28ddb08c6f1acc76899112b3f35e8",
    "https://deno.land/x/discord_api_types@0.37.32/rest/v10/oauth2.ts": "b659a35654c17767480d142c46c36f5fe2544346875745e3f654c5e7c3d9f3f9",
    "https://deno.land/x/discord_api_types@0.37.32/rest/v10/stageInstance.ts": "08cdb9ed3fbd461d808ba44785e187decc2971346ae080996b7606e4981ff151",
    "https://deno.land/x/discord_api_types@0.37.32/rest/v10/sticker.ts": "e760bac9bf220ccf2d9d645ed1e2ca6c4810d9dd7e443738693235706c9f0707",
    "https://deno.land/x/discord_api_types@0.37.32/rest/v10/template.ts": "aa03abe664c27bc24dabb04625059967931c2cd1837d2dbae7c1f4f17b9327fe",
    "https://deno.land/x/discord_api_types@0.37.32/rest/v10/user.ts": "13af30e67af2ccd7d6d5892416f9edc3d178ca920bc4b915837153e051a91ca6",
    "https://deno.land/x/discord_api_types@0.37.32/rest/v10/voice.ts": "cdbe9d6c39c8f44635d8632bf62a95b8c15877b92c56ddf69df2072bb1a74edc",
    "https://deno.land/x/discord_api_types@0.37.32/rest/v10/webhook.ts": "b2a05a90b765ddf034345d0ff36a3ffcdf1dd372e781c8e1b47bba4b020934d4",
    "https://deno.land/x/discord_api_types@0.37.32/rpc/common.ts": "cfacc7fab245a5a7e641479be9fc213ae57ce4095a08122a82b3b227d907f4c2",
    "https://deno.land/x/discord_api_types@0.37.32/rpc/v10.ts": "fbaad9f3d73fce88e76b0e52ad5345093f18077e4293937c9ec0ee24415b9a93",
    "https://deno.land/x/discord_api_types@0.37.32/utils/internals.ts": "b853d4e7d2e3de3daab7ca7fa6b9a06af5b4e2f9e4783d9634a5bf3262d97994",
    "https://deno.land/x/discord_api_types@0.37.32/utils/v10.ts": "c731ae3a76e7bc62543f24e945420b1c1ff5870167e7990ffc134323cbfd73f2",
    "https://deno.land/x/discord_api_types@0.37.32/v10.ts": "f3f23492c59e77859aba5b34431edf3668c37f722d7f70c2e1ef7ba4bcda3010"
  }
}
